// !$*UTF8*$!
{
	archiveVersion = 1;
	classes = {
	};
	objectVersion = 56;
	objects = {

/* Begin PBXBuildFile section */
		0A910E8B4FA744A694317D2F /* Assets.xcassets in Resources */ = {isa = PBXBuildFile; fileRef = 27E1C6C2209D44B288B629B4 /* Assets.xcassets */; };
		2FEDF40156804FC0B1AF7CBE /* BeuriDoleiApp.swift in Sources */ = {isa = PBXBuildFile; fileRef = B7575EC181F04897926AE716 /* BeuriDoleiApp.swift */; };
		5ED6D908F4C5427FAB0A9F58 /* ContentView.swift in Sources */ = {isa = PBXBuildFile; fileRef = 22360DC803A04FA3B9E0473D /* ContentView.swift */; };
		F011FE3500F64EB4B4DF8B84 /* Preview Assets.xcassets in Resources */ = {isa = PBXBuildFile; fileRef = 497B7FEBE05E41A7ACB89DB8 /* Preview Assets.xcassets */; };
		E88D7B7C7DD74A439C622BBD /* ChallengeDay.swift in Sources */ = {isa = PBXBuildFile; fileRef = 32DC87BB60894A38BA52A803 /* ChallengeDay.swift */; };
		33AE898EB2814D9F9EC539F4 /* PlankSession.swift in Sources */ = {isa = PBXBuildFile; fileRef = 840A7C295A444944A703E53C /* PlankSession.swift */; };
		0861CCCF8F4D4C3384E6981C /* UserPreferences.swift in Sources */ = {isa = PBXBuildFile; fileRef = 5A6B8B188B9741FCB868840F /* UserPreferences.swift */; };
		DFA35993BA6E42008D0EB082 /* ChallengeStore.swift in Sources */ = {isa = PBXBuildFile; fileRef = 6ADF288084064C73AB227455 /* ChallengeStore.swift */; };
		446CC179EC4A4660A6BF5BA7 /* HomeView.swift in Sources */ = {isa = PBXBuildFile; fileRef = 8BFE27CC3B7E441984A2BF6A /* HomeView.swift */; };
		DD6DD9111ADF466E8124A83E /* TimerView.swift in Sources */ = {isa = PBXBuildFile; fileRef = 8D1F17BCFECA4B64B476C56B /* TimerView.swift */; };
		4BFA586D6821405FB0AA7DBB /* CompletionView.swift in Sources */ = {isa = PBXBuildFile; fileRef = BD179BAA0F09472193DD44A1 /* CompletionView.swift */; };
		9F1918AE0AC6434C900EE157 /* ProgressView.swift in Sources */ = {isa = PBXBuildFile; fileRef = 99B16121ABC0488FAFB5FDF4 /* ProgressView.swift */; };
/* End PBXBuildFile section */

/* Begin PBXFileReference section */
		1B2F4EF8C24440BD827D60CD /* BeuriDolei.app */ = {isa = PBXFileReference; explicitFileType = wrapper.application; includeInIndex = 0; path = BeuriDolei.app; sourceTree = BUILT_PRODUCTS_DIR; };
		22360DC803A04FA3B9E0473D /* ContentView.swift */ = {isa = PBXFileReference; lastKnownFileType = sourcecode.swift; path = ContentView.swift; sourceTree = "<group>"; };
		27E1C6C2209D44B288B629B4 /* Assets.xcassets */ = {isa = PBXFileReference; lastKnownFileType = folder.assetcatalog; path = Assets.xcassets; sourceTree = "<group>"; };
		497B7FEBE05E41A7ACB89DB8 /* Preview Assets.xcassets */ = {isa = PBXFileReference; lastKnownFileType = folder.assetcatalog; path = "Preview Assets.xcassets"; sourceTree = "<group>"; };
		B7575EC181F04897926AE716 /* BeuriDoleiApp.swift */ = {isa = PBXFileReference; lastKnownFileType = sourcecode.swift; path = BeuriDoleiApp.swift; sourceTree = "<group>"; };
		32DC87BB60894A38BA52A803 /* ChallengeDay.swift */ = {isa = PBXFileReference; lastKnownFileType = sourcecode.swift; path = ChallengeDay.swift; sourceTree = "<group>"; };
		840A7C295A444944A703E53C /* PlankSession.swift */ = {isa = PBXFileReference; lastKnownFileType = sourcecode.swift; path = PlankSession.swift; sourceTree = "<group>"; };
		5A6B8B188B9741FCB868840F /* UserPreferences.swift */ = {isa = PBXFileReference; lastKnownFileType = sourcecode.swift; path = UserPreferences.swift; sourceTree = "<group>"; };
		6ADF288084064C73AB227455 /* ChallengeStore.swift */ = {isa = PBXFileReference; lastKnownFileType = sourcecode.swift; path = ChallengeStore.swift; sourceTree = "<group>"; };
		8BFE27CC3B7E441984A2BF6A /* HomeView.swift */ = {isa = PBXFileReference; lastKnownFileType = sourcecode.swift; path = HomeView.swift; sourceTree = "<group>"; };
		8D1F17BCFECA4B64B476C56B /* TimerView.swift */ = {isa = PBXFileReference; lastKnownFileType = sourcecode.swift; path = TimerView.swift; sourceTree = "<group>"; };
		BD179BAA0F09472193DD44A1 /* CompletionView.swift */ = {isa = PBXFileReference; lastKnownFileType = sourcecode.swift; path = CompletionView.swift; sourceTree = "<group>"; };
		99B16121ABC0488FAFB5FDF4 /* ProgressView.swift */ = {isa = PBXFileReference; lastKnownFileType = sourcecode.swift; path = ProgressView.swift; sourceTree = "<group>"; };
/* End PBXFileReference section */

/* Begin PBXFrameworksBuildPhase section */
		C538460633134BF6BBFEB525 /* Frameworks */ = {
			isa = PBXFrameworksBuildPhase;
			buildActionMask = 2147483647;
			files = (
			);
			runOnlyForDeploymentPostprocessing = 0;
		};
/* End PBXFrameworksBuildPhase section */

/* Begin PBXGroup section */
		374EA306A4ED41A48CD31468 /* Preview Content */ = {
			isa = PBXGroup;
			children = (
				497B7FEBE05E41A7ACB89DB8 /* Preview Assets.xcassets */,
			);
			path = "Preview Content";
			sourceTree = "<group>";
		};
		67AB3F6791A24AB9914F497F /* Models */ = {
			isa = PBXGroup;
			children = (
				32DC87BB60894A38BA52A803 /* ChallengeDay.swift */,
				840A7C295A444944A703E53C /* PlankSession.swift */,
				5A6B8B188B9741FCB868840F /* UserPreferences.swift */,
			);
			path = Models;
			sourceTree = "<group>";
		};
		69EDE98CA9D7444E9ACD50B5 /* Store */ = {
			isa = PBXGroup;
			children = (
				6ADF288084064C73AB227455 /* ChallengeStore.swift */,
			);
			path = Store;
			sourceTree = "<group>";
		};
		13E33B4D1600436997B21C22 /* Views */ = {
			isa = PBXGroup;
			children = (
				8BFE27CC3B7E441984A2BF6A /* HomeView.swift */,
				8D1F17BCFECA4B64B476C56B /* TimerView.swift */,
				BD179BAA0F09472193DD44A1 /* CompletionView.swift */,
				99B16121ABC0488FAFB5FDF4 /* ProgressView.swift */,
			);
			path = Views;
			sourceTree = "<group>";
		};
		7B36E1E094E743499FD89F0D /* BeuriDolei */ = {
			isa = PBXGroup;
			children = (
				B7575EC181F04897926AE716 /* BeuriDoleiApp.swift */,
				22360DC803A04FA3B9E0473D /* ContentView.swift */,
				67AB3F6791A24AB9914F497F /* Models */,
				69EDE98CA9D7444E9ACD50B5 /* Store */,
				13E33B4D1600436997B21C22 /* Views */,
				27E1C6C2209D44B288B629B4 /* Assets.xcassets */,
				374EA306A4ED41A48CD31468 /* Preview Content */,
			);
			path = BeuriDolei;
			sourceTree = "<group>";
		};
		915BD39C92EC4966A3EB5A3B /* Products */ = {
			isa = PBXGroup;
			children = (
				1B2F4EF8C24440BD827D60CD /* BeuriDolei.app */,
			);
			name = Products;
			sourceTree = "<group>";
		};
		D2DAAB73E48B45428D8BF61E = {
			isa = PBXGroup;
			children = (
				7B36E1E094E743499FD89F0D /* BeuriDolei */,
				915BD39C92EC4966A3EB5A3B /* Products */,
			);
			sourceTree = "<group>";
		};
/* End PBXGroup section */

/* Begin PBXNativeTarget section */
		DAAFC30E37F4414D8EA883E4 /* BeuriDolei */ = {
			isa = PBXNativeTarget;
			buildConfigurationList = A1198394751D4C35BC50FF77 /* Build configuration list for PBXNativeTarget "BeuriDolei" */;
			buildPhases = (
				D475E342B16B49F4A1FBDFFA /* Sources */,
				5212B873AC4947228801CEC3 /* Resources */,
				C538460633134BF6BBFEB525 /* Frameworks */,
			);
			buildRules = (
			);
			dependencies = (
			);
			name = BeuriDolei;
			productName = BeuriDolei;
			productReference = 1B2F4EF8C24440BD827D60CD /* BeuriDolei.app */;
			productType = "com.apple.product-type.application";
		};
/* End PBXNativeTarget section */

/* Begin PBXProject section */
		13A2DDF144C049DDA0E91D9E /* Project object */ = {
			isa = PBXProject;
			attributes = {
				BuildIndependentTargetsInParallel = 1;
				LastSwiftUpdateCheck = 1620;
				LastUpgradeCheck = 1620;
				TargetAttributes = {
					DAAFC30E37F4414D8EA883E4 = {
						CreatedOnToolsVersion = 16.2;
					};
				};
			};
			buildConfigurationList = F7D10BF5F2154A40B46B7964 /* Build configuration list for PBXProject "BeuriDolei" */;
			compatibilityVersion = "Xcode 14.0";
			developmentRegion = en;
			hasScannedForEncodings = 0;
			knownRegions = (
				en,
				Base,
			);
			mainGroup = D2DAAB73E48B45428D8BF61E;
			productRefGroup = 915BD39C92EC4966A3EB5A3B /* Products */;
			projectDirPath = "";
			projectRoot = "";
			targets = (
				DAAFC30E37F4414D8EA883E4 /* BeuriDolei */,
			);
		};
/* End PBXProject section */

/* Begin PBXResourcesBuildPhase section */
		5212B873AC4947228801CEC3 /* Resources */ = {
			isa = PBXResourcesBuildPhase;
			buildActionMask = 2147483647;
			files = (
				F011FE3500F64EB4B4DF8B84 /* Preview Assets.xcassets in Resources */,
				0A910E8B4FA744A694317D2F /* Assets.xcassets in Resources */,
			);
			runOnlyForDeploymentPostprocessing = 0;
		};
/* End PBXResourcesBuildPhase section */

/* Begin PBXSourcesBuildPhase section */
		D475E342B16B49F4A1FBDFFA /* Sources */ = {
			isa = PBXSourcesBuildPhase;
			buildActionMask = 2147483647;
			files = (
				5ED6D908F4C5427FAB0A9F58 /* ContentView.swift in Sources */,
				2FEDF40156804FC0B1AF7CBE /* BeuriDoleiApp.swift in Sources */,
				E88D7B7C7DD74A439C622BBD /* ChallengeDay.swift in Sources */,
				33AE898EB2814D9F9EC539F4 /* PlankSession.swift in Sources */,
				0861CCCF8F4D4C3384E6981C /* UserPreferences.swift in Sources */,
				DFA35993BA6E42008D0EB082 /* ChallengeStore.swift in Sources */,
				446CC179EC4A4660A6BF5BA7 /* HomeView.swift in Sources */,
				DD6DD9111ADF466E8124A83E /* TimerView.swift in Sources */,
				4BFA586D6821405FB0AA7DBB /* CompletionView.swift in Sources */,
				9F1918AE0AC6434C900EE157 /* ProgressView.swift in Sources */,
			);
			runOnlyForDeploymentPostprocessing = 0;
		};
/* End PBXSourcesBuildPhase section */

/* Begin XCBuildConfiguration section */
		260B30C777334B9FBABBA5E4 /* Release */ = {
			isa = XCBuildConfiguration;
			buildSettings = {
				ASSETCATALOG_COMPILER_APPICON_NAME = AppIcon;
				ASSETCATALOG_COMPILER_GLOBAL_ACCENT_COLOR_NAME = AccentColor;
				CODE_SIGN_STYLE = Automatic;
				CURRENT_PROJECT_VERSION = 1;
				DEVELOPMENT_ASSET_PATHS = "\"BeuriDolei/Preview Content\"";
				DEVELOPMENT_TEAM = 3N9HH8Z8QD;
				ENABLE_PREVIEWS = YES;
				GENERATE_INFOPLIST_FILE = YES;
				INFOPLIST_KEY_UIApplicationSceneManifest_Generation = YES;
				INFOPLIST_KEY_UIApplicationSupportsIndirectInputEvents = YES;
				INFOPLIST_KEY_UILaunchScreen_Generation = YES;
				INFOPLIST_KEY_UISupportedInterfaceOrientations_iPad = "UIInterfaceOrientationPortrait UIInterfaceOrientationPortraitUpsideDown UIInterfaceOrientationLandscapeLeft UIInterfaceOrientationLandscapeRight";
				INFOPLIST_KEY_UISupportedInterfaceOrientations_iPhone = "UIInterfaceOrientationPortrait UIInterfaceOrientationLandscapeLeft UIInterfaceOrientationLandscapeRight";
				IPHONEOS_DEPLOYMENT_TARGET = 17.0;
				LD_RUNPATH_SEARCH_PATHS = (
					"$(inherited)",
					"@executable_path/Frameworks",
				);
				MARKETING_VERSION = 1.0;
				PRODUCT_BUNDLE_IDENTIFIER = com.dakhine.BeuriDolei;
				PRODUCT_NAME = "$(TARGET_NAME)";
				SWIFT_EMIT_LOC_STRINGS = YES;
				SWIFT_VERSION = 5.0;
				TARGETED_DEVICE_FAMILY = "1,2";
			};
			name = Release;
		};
		3160653460884B1089492A9B /* Debug */ = {
			isa = XCBuildConfiguration;
			buildSettings = {
				ALWAYS_SEARCH_USER_PATHS = NO;
				ASSETCATALOG_COMPILER_GENERATE_SWIFT_ASSET_SYMBOL_EXTENSIONS = YES;
				CLANG_ANALYZER_NONNULL = YES;
				CLANG_ANALYZER_NUMBER_OBJECT_CONVERSION = YES_AGGRESSIVE;
				CLANG_CXX_LANGUAGE_STANDARD = "gnu++20";
				CLANG_ENABLE_MODULES = YES;
				CLANG_ENABLE_OBJC_ARC = YES;
				CLANG_ENABLE_OBJC_WEAK = YES;
				CLANG_WARN_BLOCK_CAPTURE_AUTORELEASING = YES;
				CLANG_WARN_BOOL_CONVERSION = YES;
				CLANG_WARN_COMMA = YES;
				CLANG_WARN_CONSTANT_CONVERSION = YES;
				CLANG_WARN_DEPRECATED_OBJC_IMPLEMENTATIONS = YES;
				CLANG_WARN_DIRECT_OBJC_ISA_USAGE = YES_ERROR;
				CLANG_WARN_DOCUMENTATION_COMMENTS = YES;
				CLANG_WARN_EMPTY_BODY = YES;
				CLANG_WARN_ENUM_CONVERSION = YES;
				CLANG_WARN_INFINITE_RECURSION = YES;
				CLANG_WARN_INT_CONVERSION = YES;
				CLANG_WARN_NON_LITERAL_NULL_CONVERSION = YES;
				CLANG_WARN_OBJC_IMPLICIT_RETAIN_SELF = YES;
				CLANG_WARN_OBJC_LITERAL_CONVERSION = YES;
				CLANG_WARN_OBJC_ROOT_CLASS = YES_ERROR;
				CLANG_WARN_QUOTED_INCLUDE_IN_FRAMEWORK_HEADER = YES;
				CLANG_WARN_RANGE_LOOP_ANALYSIS = YES;
				CLANG_WARN_STRICT_PROTOTYPES = YES;
				CLANG_WARN_SUSPICIOUS_MOVE = YES;
				CLANG_WARN_UNGUARDED_AVAILABILITY = YES_AGGRESSIVE;
				CLANG_WARN_UNREACHABLE_CODE = YES;
				CLANG_WARN__DUPLICATE_METHOD_EXCEPTION = YES;
				COPY_PHASE_STRIP = NO;
				DEBUG_INFORMATION_FORMAT = dwarf;
				ENABLE_STRICT_OBJC_MSGSEND = YES;
				ENABLE_TESTABILITY = YES;
				ENABLE_USER_SCRIPT_SANDBOXING = YES;
				GCC_C_LANGUAGE_STANDARD = gnu17;
				GCC_DYNAMIC_NO_PIC = NO;
				GCC_NO_COMMON_BLOCKS = YES;
				GCC_OPTIMIZATION_LEVEL = 0;
				GCC_PREPROCESSOR_DEFINITIONS = (
					"DEBUG=1",
					"$(inherited)",
				);
				GCC_WARN_64_TO_32_BIT_CONVERSION = YES;
				GCC_WARN_ABOUT_RETURN_TYPE = YES_ERROR;
				GCC_WARN_UNDECLARED_SELECTOR = YES;
				GCC_WARN_UNINITIALIZED_AUTOS = YES_AGGRESSIVE;
				GCC_WARN_UNUSED_FUNCTION = YES;
				GCC_WARN_UNUSED_VARIABLE = YES;
				IPHONEOS_DEPLOYMENT_TARGET = 17.0;
				MTL_ENABLE_DEBUG_INFO = INCLUDE_SOURCE;
				MTL_FAST_MATH = YES;
				ONLY_ACTIVE_ARCH = YES;
				SDKROOT = iphoneos;
				SWIFT_ACTIVE_COMPILATION_CONDITIONS = "DEBUG ";
				SWIFT_OPTIMIZATION_LEVEL = "-Onone";
			};
			name = Debug;
		};
		80C67B9E52C74868BCE72FC1 /* Release */ = {
			isa = XCBuildConfiguration;
			buildSettings = {
				ALWAYS_SEARCH_USER_PATHS = NO;
				ASSETCATALOG_COMPILER_GENERATE_SWIFT_ASSET_SYMBOL_EXTENSIONS = YES;
				CLANG_ANALYZER_NONNULL = YES;
				CLANG_ANALYZER_NUMBER_OBJECT_CONVERSION = YES_AGGRESSIVE;
				CLANG_CXX_LANGUAGE_STANDARD = "gnu++20";
				CLANG_ENABLE_MODULES = YES;
				CLANG_ENABLE_OBJC_ARC = YES;
				CLANG_ENABLE_OBJC_WEAK = YES;
				CLANG_WARN_BLOCK_CAPTURE_AUTORELEASING = YES;
				CLANG_WARN_BOOL_CONVERSION = YES;
				CLANG_WARN_COMMA = YES;
				CLANG_WARN_CONSTANT_CONVERSION = YES;
				CLANG_WARN_DEPRECATED_OBJC_IMPLEMENTATIONS = YES;
				CLANG_WARN_DIRECT_OBJC_ISA_USAGE = YES_ERROR;
				CLANG_WARN_DOCUMENTATION_COMMENTS = YES;
				CLANG_WARN_EMPTY_BODY = YES;
				CLANG_WARN_ENUM_CONVERSION = YES;
				CLANG_WARN_INFINITE_RECURSION = YES;
				CLANG_WARN_INT_CONVERSION = YES;
				CLANG_WARN_NON_LITERAL_NULL_CONVERSION = YES;
				CLANG_WARN_OBJC_IMPLICIT_RETAIN_SELF = YES;
				CLANG_WARN_OBJC_LITERAL_CONVERSION = YES;
				CLANG_WARN_OBJC_ROOT_CLASS = YES_ERROR;
				CLANG_WARN_QUOTED_INCLUDE_IN_FRAMEWORK_HEADER = YES;
				CLANG_WARN_RANGE_LOOP_ANALYSIS = YES;
				CLANG_WARN_STRICT_PROTOTYPES = YES;
				CLANG_WARN_SUSPICIOUS_MOVE = YES;
				CLANG_WARN_UNGUARDED_AVAILABILITY = YES_AGGRESSIVE;
				CLANG_WARN_UNREACHABLE_CODE = YES;
				CLANG_WARN__DUPLICATE_METHOD_EXCEPTION = YES;
				COPY_PHASE_STRIP = NO;
				DEBUG_INFORMATION_FORMAT = "dwarf-with-dsym";
				ENABLE_NS_ASSERTIONS = NO;
				ENABLE_STRICT_OBJC_MSGSEND = YES;
				ENABLE_USER_SCRIPT_SANDBOXING = YES;
				GCC_C_LANGUAGE_STANDARD = gnu17;
				GCC_NO_COMMON_BLOCKS = YES;
				GCC_WARN_64_TO_32_BIT_CONVERSION = YES;
				GCC_WARN_ABOUT_RETURN_TYPE = YES_ERROR;
				GCC_WARN_UNDECLARED_SELECTOR = YES;
				GCC_WARN_UNINITIALIZED_AUTOS = YES_AGGRESSIVE;
				GCC_WARN_UNUSED_FUNCTION = YES;
				GCC_WARN_UNUSED_VARIABLE = YES;
				IPHONEOS_DEPLOYMENT_TARGET = 17.0;
				MTL_FAST_MATH = YES;
				SDKROOT = iphoneos;
				SWIFT_COMPILATION_MODE = wholemodule;
				VALIDATE_PRODUCT = YES;
			};
			name = Release;
		};
		CEC3A0EAD3C1489EA96021D5 /* Debug */ = {
			isa = XCBuildConfiguration;
			buildSettings = {
				ASSETCATALOG_COMPILER_APPICON_NAME = AppIcon;
				ASSETCATALOG_COMPILER_GLOBAL_ACCENT_COLOR_NAME = AccentColor;
				CODE_SIGN_STYLE = Automatic;
				CURRENT_PROJECT_VERSION = 1;
				DEVELOPMENT_ASSET_PATHS = "\"BeuriDolei/Preview Content\"";
				DEVELOPMENT_TEAM = 3N9HH8Z8QD;
				ENABLE_PREVIEWS = YES;
				GENERATE_INFOPLIST_FILE = YES;
				INFOPLIST_KEY_UIApplicationSceneManifest_Generation = YES;
				INFOPLIST_KEY_UIApplicationSupportsIndirectInputEvents = YES;
				INFOPLIST_KEY_UILaunchScreen_Generation = YES;
				INFOPLIST_KEY_UISupportedInterfaceOrientations_iPad = "UIInterfaceOrientationPortrait UIInterfaceOrientationPortraitUpsideDown UIInterfaceOrientationLandscapeLeft UIInterfaceOrientationLandscapeRight";
				INFOPLIST_KEY_UISupportedInterfaceOrientations_iPhone = "UIInterfaceOrientationPortrait UIInterfaceOrientationLandscapeLeft UIInterfaceOrientationLandscapeRight";
				IPHONEOS_DEPLOYMENT_TARGET = 17.0;
				LD_RUNPATH_SEARCH_PATHS = (
					"$(inherited)",
					"@executable_path/Frameworks",
				);
				MARKETING_VERSION = 1.0;
				PRODUCT_BUNDLE_IDENTIFIER = com.dakhine.BeuriDolei;
				PRODUCT_NAME = "$(TARGET_NAME)";
				SWIFT_EMIT_LOC_STRINGS = YES;
				SWIFT_VERSION = 5.0;
				TARGETED_DEVICE_FAMILY = "1,2";
			};
			name = Debug;
		};
/* End XCBuildConfiguration section */

/* Begin XCConfigurationList section */
		A1198394751D4C35BC50FF77 /* Build configuration list for PBXNativeTarget "BeuriDolei" */ = {
			isa = XCConfigurationList;
			buildConfigurations = (
				CEC3A0EAD3C1489EA96021D5 /* Debug */,
				260B30C777334B9FBABBA5E4 /* Release */,
			);
			defaultConfigurationIsVisible = 0;
			defaultConfigurationName = Release;
		};
		F7D10BF5F2154A40B46B7964 /* Build configuration list for PBXProject "BeuriDolei" */ = {
			isa = XCConfigurationList;
			buildConfigurations = (
				3160653460884B1089492A9B /* Debug */,
				80C67B9E52C74868BCE72FC1 /* Release */,
			);
			defaultConfigurationIsVisible = 0;
			defaultConfigurationName = Release;
		};
/* End XCConfigurationList section */
	};
	rootObject = 13A2DDF144C049DDA0E91D9E /* Project object */;
}
